
Microsoft Visual Studio Solution File, Format Version 12.00
# Visual Studio Version 18
VisualStudioVersion = 18.6.11806.211 stable
MinimumVisualStudioVersion = 10.0.40219.1
Project("{FAE04EC0-301F-11D3-BF4B-00C04F79EFBC}") = "MyRecipeBook.Application", "MyRecipeBook.Application.csproj", "{460EF450-EFD1-9B08-8AE8-C2F6C1AA775F}"
EndProject
Global
	GlobalSection(SolutionConfigurationPlatforms) = preSolution
		Debug|Any CPU = Debug|Any CPU
		Release|Any CPU = Release|Any CPU
	EndGlobalSection
	GlobalSection(ProjectConfigurationPlatforms) = postSolution
		{460EF450-EFD1-9B08-8AE8-C2F6C1AA775F}.Debug|Any CPU.ActiveCfg = Debug|Any CPU
		{460EF450-EFD1-9B08-8AE8-C2F6C1AA775F}.Debug|Any CPU.Build.0 = Debug|Any CPU
		{460EF450-EFD1-9B08-8AE8-C2F6C1AA775F}.Release|Any CPU.ActiveCfg = Release|Any CPU
		{460EF450-EFD1-9B08-8AE8-C2F6C1AA775F}.Release|Any CPU.Build.0 = Release|Any CPU
	EndGlobalSection
	GlobalSection(SolutionProperties) = preSolution
		HideSolutionNode = FALSE
	EndGlobalSection
	GlobalSection(ExtensibilityGlobals) = postSolution
		SolutionGuid = {0070D2E7-0263-45B7-87DA-2F2CE86881D5}
	EndGlobalSection
EndGlobal
